
Microsoft Visual Studio Solution File, Format Version 12.00
# Visual Studio Version 16
VisualStudioVersion = 16.6.30114.105
MinimumVisualStudioVersion = 10.0.40219.1
Project("{9A19103F-16F7-4668-BE54-9A1E7A4F7556}") = "R5T.D0063.Construction", "R5T.D0063.Construction\R5T.D0063.Construction.csproj", "{FC45B999-B74E-45D6-A764-EA85EF1FCFF9}"
EndProject
Project("{2150E333-8FDC-42A3-9474-1A3956D46DE8}") = "_Dependencies", "_Dependencies", "{450AF81D-2BED-489B-A5DD-3E342F95F634}"
EndProject
Project("{9A19103F-16F7-4668-BE54-9A1E7A4F7556}") = "R5T.Dacia.Extensions", "..\..\R5T.Dacia.Extensions\source\R5T.Dacia.Extensions\R5T.Dacia.Extensions.csproj", "{7A05C539-224B-4556-B09E-B1E93EA56B86}"
EndProject
Project("{9A19103F-16F7-4668-BE54-9A1E7A4F7556}") = "R5T.Dacia", "..\..\R5T.Dacia\source\R5T.Dacia\R5T.Dacia.csproj", "{9CCA1E8A-0814-4A57-B03F-6ACFE373FF98}"
EndProject
Project("{9A19103F-16F7-4668-BE54-9A1E7A4F7556}") = "R5T.D0063.Base", "R5T.D0063.Base\R5T.D0063.Base.csproj", "{D07C214E-2F88-4D6A-88CC-58322E09034B}"
EndProject
Project("{9A19103F-16F7-4668-BE54-9A1E7A4F7556}") = "R5T.D0063.Default", "R5T.D0063.Default\R5T.D0063.Default.csproj", "{5BD7F4DE-18D1-4F3D-B5C5-929C8F003D69}"
EndProject
Project("{9A19103F-16F7-4668-BE54-9A1E7A4F7556}") = "R5T.Magyar", "..\..\R5T.Magyar\source\R5T.Magyar\R5T.Magyar.csproj", "{E41E2675-8A04-4B53-93BE-CC663ADD7E3B}"
EndProject
Project("{9A19103F-16F7-4668-BE54-9A1E7A4F7556}") = "R5T.T0062.X001", "..\..\R5T.T0062\source\R5T.T0062.X001\R5T.T0062.X001.csproj", "{87348347-10A8-41C6-BC36-4593DFF0161C}"
EndProject
Project("{9A19103F-16F7-4668-BE54-9A1E7A4F7556}") = "R5T.T0064", "..\..\R5T.T0064\source\R5T.T0064\R5T.T0064.csproj", "{E4E552A0-065F-4EBF-B057-182DB2788124}"
EndProject
Project("{9A19103F-16F7-4668-BE54-9A1E7A4F7556}") = "R5T.T0063", "..\..\R5T.T0063\source\R5T.T0063\R5T.T0063.csproj", "{98EF90C4-9FC3-4389-88F3-7DCCA84DE833}"
EndProject
Project("{9A19103F-16F7-4668-BE54-9A1E7A4F7556}") = "R5T.L0013", "..\..\R5T.L0013\source\R5T.L0013\R5T.L0013.csproj", "{DE66BB23-4720-4F2B-942C-7DB6C27F7ECA}"
EndProject
Project("{9A19103F-16F7-4668-BE54-9A1E7A4F7556}") = "R5T.T0062", "..\..\R5T.T0062\source\R5T.T0062\R5T.T0062.csproj", "{C9F3261A-731F-448F-9016-1E11BBD777A2}"
EndProject
Project("{9A19103F-16F7-4668-BE54-9A1E7A4F7556}") = "R5T.T0039.T002", "..\..\R5T.T0039\source\R5T.T0039.T002\R5T.T0039.T002.csproj", "{1C6366BE-0201-4833-898C-DB4A32E8E108}"
EndProject
Global
	GlobalSection(SolutionConfigurationPlatforms) = preSolution
		Debug|Any CPU = Debug|Any CPU
		Debug|x64 = Debug|x64
		Debug|x86 = Debug|x86
		Release|Any CPU = Release|Any CPU
		Release|x64 = Release|x64
		Release|x86 = Release|x86
	EndGlobalSection
	GlobalSection(ProjectConfigurationPlatforms) = postSolution
		{FC45B999-B74E-45D6-A764-EA85EF1FCFF9}.Debug|Any CPU.ActiveCfg = Debug|Any CPU
		{FC45B999-B74E-45D6-A764-EA85EF1FCFF9}.Debug|Any CPU.Build.0 = Debug|Any CPU
		{FC45B999-B74E-45D6-A764-EA85EF1FCFF9}.Debug|x64.ActiveCfg = Debug|Any CPU
		{FC45B999-B74E-45D6-A764-EA85EF1FCFF9}.Debug|x64.Build.0 = Debug|Any CPU
		{FC45B999-B74E-45D6-A764-EA85EF1FCFF9}.Debug|x86.ActiveCfg = Debug|Any CPU
		{FC45B999-B74E-45D6-A764-EA85EF1FCFF9}.Debug|x86.Build.0 = Debug|Any CPU
		{FC45B999-B74E-45D6-A764-EA85EF1FCFF9}.Release|Any CPU.ActiveCfg = Release|Any CPU
		{FC45B999-B74E-45D6-A764-EA85EF1FCFF9}.Release|Any CPU.Build.0 = Release|Any CPU
		{FC45B999-B74E-45D6-A764-EA85EF1FCFF9}.Release|x64.ActiveCfg = Release|Any CPU
		{FC45B999-B74E-45D6-A764-EA85EF1FCFF9}.Release|x64.Build.0 = Release|Any CPU
		{FC45B999-B74E-45D6-A764-EA85EF1FCFF9}.Release|x86.ActiveCfg = Release|Any CPU
		{FC45B999-B74E-45D6-A764-EA85EF1FCFF9}.Release|x86.Build.0 = Release|Any CPU
		{7A05C539-224B-4556-B09E-B1E93EA56B86}.Debug|Any CPU.ActiveCfg = Debug|Any CPU
		{7A05C539-224B-4556-B09E-B1E93EA56B86}.Debug|Any CPU.Build.0 = Debug|Any CPU
		{7A05C539-224B-4556-B09E-B1E93EA56B86}.Debug|x64.ActiveCfg = Debug|Any CPU
		{7A05C539-224B-4556-B09E-B1E93EA56B86}.Debug|x64.Build.0 = Debug|Any CPU
		{7A05C539-224B-4556-B09E-B1E93EA56B86}.Debug|x86.ActiveCfg = Debug|Any CPU
		{7A05C539-224B-4556-B09E-B1E93EA56B86}.Debug|x86.Build.0 = Debug|Any CPU
		{7A05C539-224B-4556-B09E-B1E93EA56B86}.Release|Any CPU.ActiveCfg = Release|Any CPU
		{7A05C539-224B-4556-B09E-B1E93EA56B86}.Release|Any CPU.Build.0 = Release|Any CPU
		{7A05C539-224B-4556-B09E-B1E93EA56B86}.Release|x64.ActiveCfg = Release|Any CPU
		{7A05C539-224B-4556-B09E-B1E93EA56B86}.Release|x64.Build.0 = Release|Any CPU
		{7A05C539-224B-4556-B09E-B1E93EA56B86}.Release|x86.ActiveCfg = Release|Any CPU
		{7A05C539-224B-4556-B09E-B1E93EA56B86}.Release|x86.Build.0 = Release|Any CPU
		{9CCA1E8A-0814-4A57-B03F-6ACFE373FF98}.Debug|Any CPU.ActiveCfg = Debug|Any CPU
		{9CCA1E8A-0814-4A57-B03F-6ACFE373FF98}.Debug|Any CPU.Build.0 = Debug|Any CPU
		{9CCA1E8A-0814-4A57-B03F-6ACFE373FF98}.Debug|x64.ActiveCfg = Debug|Any CPU
		{9CCA1E8A-0814-4A57-B03F-6ACFE373FF98}.Debug|x64.Build.0 = Debug|Any CPU
		{9CCA1E8A-0814-4A57-B03F-6ACFE373FF98}.Debug|x86.ActiveCfg = Debug|Any CPU
		{9CCA1E8A-0814-4A57-B03F-6ACFE373FF98}.Debug|x86.Build.0 = Debug|Any CPU
		{9CCA1E8A-0814-4A57-B03F-6ACFE373FF98}.Release|Any CPU.ActiveCfg = Release|Any CPU
		{9CCA1E8A-0814-4A57-B03F-6ACFE373FF98}.Release|Any CPU.Build.0 = Release|Any CPU
		{9CCA1E8A-0814-4A57-B03F-6ACFE373FF98}.Release|x64.ActiveCfg = Release|Any CPU
		{9CCA1E8A-0814-4A57-B03F-6ACFE373FF98}.Release|x64.Build.0 = Release|Any CPU
		{9CCA1E8A-0814-4A57-B03F-6ACFE373FF98}.Release|x86.ActiveCfg = Release|Any CPU
		{9CCA1E8A-0814-4A57-B03F-6ACFE373FF98}.Release|x86.Build.0 = Release|Any CPU
		{D07C214E-2F88-4D6A-88CC-58322E09034B}.Debug|Any CPU.ActiveCfg = Debug|Any CPU
		{D07C214E-2F88-4D6A-88CC-58322E09034B}.Debug|Any CPU.Build.0 = Debug|Any CPU
		{D07C214E-2F88-4D6A-88CC-58322E09034B}.Debug|x64.ActiveCfg = Debug|Any CPU
		{D07C214E-2F88-4D6A-88CC-58322E09034B}.Debug|x64.Build.0 = Debug|Any CPU
		{D07C214E-2F88-4D6A-88CC-58322E09034B}.Debug|x86.ActiveCfg = Debug|Any CPU
		{D07C214E-2F88-4D6A-88CC-58322E09034B}.Debug|x86.Build.0 = Debug|Any CPU
		{D07C214E-2F88-4D6A-88CC-58322E09034B}.Release|Any CPU.ActiveCfg = Release|Any CPU
		{D07C214E-2F88-4D6A-88CC-58322E09034B}.Release|Any CPU.Build.0 = Release|Any CPU
		{D07C214E-2F88-4D6A-88CC-58322E09034B}.Release|x64.ActiveCfg = Release|Any CPU
		{D07C214E-2F88-4D6A-88CC-58322E09034B}.Release|x64.Build.0 = Release|Any CPU
		{D07C214E-2F88-4D6A-88CC-58322E09034B}.Release|x86.ActiveCfg = Release|Any CPU
		{D07C214E-2F88-4D6A-88CC-58322E09034B}.Release|x86.Build.0 = Release|Any CPU
		{5BD7F4DE-18D1-4F3D-B5C5-929C8F003D69}.Debug|Any CPU.ActiveCfg = Debug|Any CPU
		{5BD7F4DE-18D1-4F3D-B5C5-929C8F003D69}.Debug|Any CPU.Build.0 = Debug|Any CPU
		{5BD7F4DE-18D1-4F3D-B5C5-929C8F003D69}.Debug|x64.ActiveCfg = Debug|Any CPU
		{5BD7F4DE-18D1-4F3D-B5C5-929C8F003D69}.Debug|x64.Build.0 = Debug|Any CPU
		{5BD7F4DE-18D1-4F3D-B5C5-929C8F003D69}.Debug|x86.ActiveCfg = Debug|Any CPU
		{5BD7F4DE-18D1-4F3D-B5C5-929C8F003D69}.Debug|x86.Build.0 = Debug|Any CPU
		{5BD7F4DE-18D1-4F3D-B5C5-929C8F003D69}.Release|Any CPU.ActiveCfg = Release|Any CPU
		{5BD7F4DE-18D1-4F3D-B5C5-929C8F003D69}.Release|Any CPU.Build.0 = Release|Any CPU
		{5BD7F4DE-18D1-4F3D-B5C5-929C8F003D69}.Release|x64.ActiveCfg = Release|Any CPU
		{5BD7F4DE-18D1-4F3D-B5C5-929C8F003D69}.Release|x64.Build.0 = Release|Any CPU
		{5BD7F4DE-18D1-4F3D-B5C5-929C8F003D69}.Release|x86.ActiveCfg = Release|Any CPU
		{5BD7F4DE-18D1-4F3D-B5C5-929C8F003D69}.Release|x86.Build.0 = Release|Any CPU
		{E41E2675-8A04-4B53-93BE-CC663ADD7E3B}.Debug|Any CPU.ActiveCfg = Debug|Any CPU
		{E41E2675-8A04-4B53-93BE-CC663ADD7E3B}.Debug|Any CPU.Build.0 = Debug|Any CPU
		{E41E2675-8A04-4B53-93BE-CC663ADD7E3B}.Debug|x64.ActiveCfg = Debug|Any CPU
		{E41E2675-8A04-4B53-93BE-CC663ADD7E3B}.Debug|x64.Build.0 = Debug|Any CPU
		{E41E2675-8A04-4B53-93BE-CC663ADD7E3B}.Debug|x86.ActiveCfg = Debug|Any CPU
		{E41E2675-8A04-4B53-93BE-CC663ADD7E3B}.Debug|x86.Build.0 = Debug|Any CPU
		{E41E2675-8A04-4B53-93BE-CC663ADD7E3B}.Release|Any CPU.ActiveCfg = Release|Any CPU
		{E41E2675-8A04-4B53-93BE-CC663ADD7E3B}.Release|Any CPU.Build.0 = Release|Any CPU
		{E41E2675-8A04-4B53-93BE-CC663ADD7E3B}.Release|x64.ActiveCfg = Release|Any CPU
		{E41E2675-8A04-4B53-93BE-CC663ADD7E3B}.Release|x64.Build.0 = Release|Any CPU
		{E41E2675-8A04-4B53-93BE-CC663ADD7E3B}.Release|x86.ActiveCfg = Release|Any CPU
		{E41E2675-8A04-4B53-93BE-CC663ADD7E3B}.Release|x86.Build.0 = Release|Any CPU
		{87348347-10A8-41C6-BC36-4593DFF0161C}.Debug|Any CPU.ActiveCfg = Debug|Any CPU
		{87348347-10A8-41C6-BC36-4593DFF0161C}.Debug|Any CPU.Build.0 = Debug|Any CPU
		{87348347-10A8-41C6-BC36-4593DFF0161C}.Debug|x64.ActiveCfg = Debug|Any CPU
		{87348347-10A8-41C6-BC36-4593DFF0161C}.Debug|x64.Build.0 = Debug|Any CPU
		{87348347-10A8-41C6-BC36-4593DFF0161C}.Debug|x86.ActiveCfg = Debug|Any CPU
		{87348347-10A8-41C6-BC36-4593DFF0161C}.Debug|x86.Build.0 = Debug|Any CPU
		{87348347-10A8-41C6-BC36-4593DFF0161C}.Release|Any CPU.ActiveCfg = Release|Any CPU
		{87348347-10A8-41C6-BC36-4593DFF0161C}.Release|Any CPU.Build.0 = Release|Any CPU
		{87348347-10A8-41C6-BC36-4593DFF0161C}.Release|x64.ActiveCfg = Release|Any CPU
		{87348347-10A8-41C6-BC36-4593DFF0161C}.Release|x64.Build.0 = Release|Any CPU
		{87348347-10A8-41C6-BC36-4593DFF0161C}.Release|x86.ActiveCfg = Release|Any CPU
		{87348347-10A8-41C6-BC36-4593DFF0161C}.Release|x86.Build.0 = Release|Any CPU
		{E4E552A0-065F-4EBF-B057-182DB2788124}.Debug|Any CPU.ActiveCfg = Debug|Any CPU
		{E4E552A0-065F-4EBF-B057-182DB2788124}.Debug|Any CPU.Build.0 = Debug|Any CPU
		{E4E552A0-065F-4EBF-B057-182DB2788124}.Debug|x64.ActiveCfg = Debug|Any CPU
		{E4E552A0-065F-4EBF-B057-182DB2788124}.Debug|x64.Build.0 = Debug|Any CPU
		{E4E552A0-065F-4EBF-B057-182DB2788124}.Debug|x86.ActiveCfg = Debug|Any CPU
		{E4E552A0-065F-4EBF-B057-182DB2788124}.Debug|x86.Build.0 = Debug|Any CPU
		{E4E552A0-065F-4EBF-B057-182DB2788124}.Release|Any CPU.ActiveCfg = Release|Any CPU
		{E4E552A0-065F-4EBF-B057-182DB2788124}.Release|Any CPU.Build.0 = Release|Any CPU
		{E4E552A0-065F-4EBF-B057-182DB2788124}.Release|x64.ActiveCfg = Release|Any CPU
		{E4E552A0-065F-4EBF-B057-182DB2788124}.Release|x64.Build.0 = Release|Any CPU
		{E4E552A0-065F-4EBF-B057-182DB2788124}.Release|x86.ActiveCfg = Release|Any CPU
		{E4E552A0-065F-4EBF-B057-182DB2788124}.Release|x86.Build.0 = Release|Any CPU
		{98EF90C4-9FC3-4389-88F3-7DCCA84DE833}.Debug|Any CPU.ActiveCfg = Debug|Any CPU
		{98EF90C4-9FC3-4389-88F3-7DCCA84DE833}.Debug|Any CPU.Build.0 = Debug|Any CPU
		{98EF90C4-9FC3-4389-88F3-7DCCA84DE833}.Debug|x64.ActiveCfg = Debug|Any CPU
		{98EF90C4-9FC3-4389-88F3-7DCCA84DE833}.Debug|x64.Build.0 = Debug|Any CPU
		{98EF90C4-9FC3-4389-88F3-7DCCA84DE833}.Debug|x86.ActiveCfg = Debug|Any CPU
		{98EF90C4-9FC3-4389-88F3-7DCCA84DE833}.Debug|x86.Build.0 = Debug|Any CPU
		{98EF90C4-9FC3-4389-88F3-7DCCA84DE833}.Release|Any CPU.ActiveCfg = Release|Any CPU
		{98EF90C4-9FC3-4389-88F3-7DCCA84DE833}.Release|Any CPU.Build.0 = Release|Any CPU
		{98EF90C4-9FC3-4389-88F3-7DCCA84DE833}.Release|x64.ActiveCfg = Release|Any CPU
		{98EF90C4-9FC3-4389-88F3-7DCCA84DE833}.Release|x64.Build.0 = Release|Any CPU
		{98EF90C4-9FC3-4389-88F3-7DCCA84DE833}.Release|x86.ActiveCfg = Release|Any CPU
		{98EF90C4-9FC3-4389-88F3-7DCCA84DE833}.Release|x86.Build.0 = Release|Any CPU
		{DE66BB23-4720-4F2B-942C-7DB6C27F7ECA}.Debug|Any CPU.ActiveCfg = Debug|Any CPU
		{DE66BB23-4720-4F2B-942C-7DB6C27F7ECA}.Debug|Any CPU.Build.0 = Debug|Any CPU
		{DE66BB23-4720-4F2B-942C-7DB6C27F7ECA}.Debug|x64.ActiveCfg = Debug|Any CPU
		{DE66BB23-4720-4F2B-942C-7DB6C27F7ECA}.Debug|x64.Build.0 = Debug|Any CPU
		{DE66BB23-4720-4F2B-942C-7DB6C27F7ECA}.Debug|x86.ActiveCfg = Debug|Any CPU
		{DE66BB23-4720-4F2B-942C-7DB6C27F7ECA}.Debug|x86.Build.0 = Debug|Any CPU
		{DE66BB23-4720-4F2B-942C-7DB6C27F7ECA}.Release|Any CPU.ActiveCfg = Release|Any CPU
		{DE66BB23-4720-4F2B-942C-7DB6C27F7ECA}.Release|Any CPU.Build.0 = Release|Any CPU
		{DE66BB23-4720-4F2B-942C-7DB6C27F7ECA}.Release|x64.ActiveCfg = Release|Any CPU
		{DE66BB23-4720-4F2B-942C-7DB6C27F7ECA}.Release|x64.Build.0 = Release|Any CPU
		{DE66BB23-4720-4F2B-942C-7DB6C27F7ECA}.Release|x86.ActiveCfg = Release|Any CPU
		{DE66BB23-4720-4F2B-942C-7DB6C27F7ECA}.Release|x86.Build.0 = Release|Any CPU
		{C9F3261A-731F-448F-9016-1E11BBD777A2}.Debug|Any CPU.ActiveCfg = Debug|Any CPU
		{C9F3261A-731F-448F-9016-1E11BBD777A2}.Debug|Any CPU.Build.0 = Debug|Any CPU
		{C9F3261A-731F-448F-9016-1E11BBD777A2}.Debug|x64.ActiveCfg = Debug|Any CPU
		{C9F3261A-731F-448F-9016-1E11BBD777A2}.Debug|x64.Build.0 = Debug|Any CPU
		{C9F3261A-731F-448F-9016-1E11BBD777A2}.Debug|x86.ActiveCfg = Debug|Any CPU
		{C9F3261A-731F-448F-9016-1E11BBD777A2}.Debug|x86.Build.0 = Debug|Any CPU
		{C9F3261A-731F-448F-9016-1E11BBD777A2}.Release|Any CPU.ActiveCfg = Release|Any CPU
		{C9F3261A-731F-448F-9016-1E11BBD777A2}.Release|Any CPU.Build.0 = Release|Any CPU
		{C9F3261A-731F-448F-9016-1E11BBD777A2}.Release|x64.ActiveCfg = Release|Any CPU
		{C9F3261A-731F-448F-9016-1E11BBD777A2}.Release|x64.Build.0 = Release|Any CPU
		{C9F3261A-731F-448F-9016-1E11BBD777A2}.Release|x86.ActiveCfg = Release|Any CPU
		{C9F3261A-731F-448F-9016-1E11BBD777A2}.Release|x86.Build.0 = Release|Any CPU
		{1C6366BE-0201-4833-898C-DB4A32E8E108}.Debug|Any CPU.ActiveCfg = Debug|Any CPU
		{1C6366BE-0201-4833-898C-DB4A32E8E108}.Debug|Any CPU.Build.0 = Debug|Any CPU
		{1C6366BE-0201-4833-898C-DB4A32E8E108}.Debug|x64.ActiveCfg = Debug|Any CPU
		{1C6366BE-0201-4833-898C-DB4A32E8E108}.Debug|x64.Build.0 = Debug|Any CPU
		{1C6366BE-0201-4833-898C-DB4A32E8E108}.Debug|x86.ActiveCfg = Debug|Any CPU
		{1C6366BE-0201-4833-898C-DB4A32E8E108}.Debug|x86.Build.0 = Debug|Any CPU
		{1C6366BE-0201-4833-898C-DB4A32E8E108}.Release|Any CPU.ActiveCfg = Release|Any CPU
		{1C6366BE-0201-4833-898C-DB4A32E8E108}.Release|Any CPU.Build.0 = Release|Any CPU
		{1C6366BE-0201-4833-898C-DB4A32E8E108}.Release|x64.ActiveCfg = Release|Any CPU
		{1C6366BE-0201-4833-898C-DB4A32E8E108}.Release|x64.Build.0 = Release|Any CPU
		{1C6366BE-0201-4833-898C-DB4A32E8E108}.Release|x86.ActiveCfg = Release|Any CPU
		{1C6366BE-0201-4833-898C-DB4A32E8E108}.Release|x86.Build.0 = Release|Any CPU
	EndGlobalSection
	GlobalSection(SolutionProperties) = preSolution
		HideSolutionNode = FALSE
	EndGlobalSection
	GlobalSection(NestedProjects) = preSolution
		{7A05C539-224B-4556-B09E-B1E93EA56B86} = {450AF81D-2BED-489B-A5DD-3E342F95F634}
		{9CCA1E8A-0814-4A57-B03F-6ACFE373FF98} = {450AF81D-2BED-489B-A5DD-3E342F95F634}
		{E41E2675-8A04-4B53-93BE-CC663ADD7E3B} = {450AF81D-2BED-489B-A5DD-3E342F95F634}
		{87348347-10A8-41C6-BC36-4593DFF0161C} = {450AF81D-2BED-489B-A5DD-3E342F95F634}
		{E4E552A0-065F-4EBF-B057-182DB2788124} = {450AF81D-2BED-489B-A5DD-3E342F95F634}
		{98EF90C4-9FC3-4389-88F3-7DCCA84DE833} = {450AF81D-2BED-489B-A5DD-3E342F95F634}
		{DE66BB23-4720-4F2B-942C-7DB6C27F7ECA} = {450AF81D-2BED-489B-A5DD-3E342F95F634}
		{C9F3261A-731F-448F-9016-1E11BBD777A2} = {450AF81D-2BED-489B-A5DD-3E342F95F634}
		{1C6366BE-0201-4833-898C-DB4A32E8E108} = {450AF81D-2BED-489B-A5DD-3E342F95F634}
	EndGlobalSection
	GlobalSection(ExtensibilityGlobals) = postSolution
		SolutionGuid = {68C53B02-FE78-431E-BBF9-05D395CD6D8B}
	EndGlobalSection
EndGlobal
