
Microsoft Visual Studio Solution File, Format Version 12.00
# Visual Studio Version 16
VisualStudioVersion = 16.6.30114.105
MinimumVisualStudioVersion = 10.0.40219.1
Project("{9A19103F-16F7-4668-BE54-9A1E7A4F7556}") = "R5T.D0063.Construction", "R5T.D0063.Construction\R5T.D0063.Construction.csproj", "{FC45B999-B74E-45D6-A764-EA85EF1FCFF9}"
EndProject
Project("{2150E333-8FDC-42A3-9474-1A3956D46DE8}") = "_Dependencies", "_Dependencies", "{450AF81D-2BED-489B-A5DD-3E342F95F634}"
EndProject
Project("{9A19103F-16F7-4668-BE54-9A1E7A4F7556}") = "R5T.Dacia.Extensions", "..\..\R5T.Dacia.Extensions\source\R5T.Dacia.Extensions\R5T.Dacia.Extensions.csproj", "{7A05C539-224B-4556-B09E-B1E93EA56B86}"
EndProject
Project("{9A19103F-16F7-4668-BE54-9A1E7A4F7556}") = "R5T.Dacia", "..\..\R5T.Dacia\source\R5T.Dacia\R5T.Dacia.csproj", "{9CCA1E8A-0814-4A57-B03F-6ACFE373FF98}"
EndProject
Project("{FAE04EC0-301F-11D3-BF4B-00C04F79EFBC}") = "R5T.D0063.Base", "R5T.D0063.Base\R5T.D0063.Base.csproj", "{D07C214E-2F88-4D6A-88CC-58322E09034B}"
EndProject
Project("{FAE04EC0-301F-11D3-BF4B-00C04F79EFBC}") = "R5T.D0063.Default", "R5T.D0063.Default\R5T.D0063.Default.csproj", "{5BD7F4DE-18D1-4F3D-B5C5-929C8F003D69}"
EndProject
Project("{9A19103F-16F7-4668-BE54-9A1E7A4F7556}") = "R5T.Magyar", "..\..\R5T.Magyar\source\R5T.Magyar\R5T.Magyar.csproj", "{E41E2675-8A04-4B53-93BE-CC663ADD7E3B}"
EndProject
Global
	GlobalSection(SolutionConfigurationPlatforms) = preSolution
		Debug|Any CPU = Debug|Any CPU
		Debug|x64 = Debug|x64
		Debug|x86 = Debug|x86
		Release|Any CPU = Release|Any CPU
		Release|x64 = Release|x64
		Release|x86 = Release|x86
	EndGlobalSection
	GlobalSection(ProjectConfigurationPlatforms) = postSolution
		{FC45B999-B74E-45D6-A764-EA85EF1FCFF9}.Debug|Any CPU.ActiveCfg = Debug|Any CPU
		{FC45B999-B74E-45D6-A764-EA85EF1FCFF9}.Debug|Any CPU.Build.0 = Debug|Any CPU
		{FC45B999-B74E-45D6-A764-EA85EF1FCFF9}.Debug|x64.ActiveCfg = Debug|Any CPU
		{FC45B999-B74E-45D6-A764-EA85EF1FCFF9}.Debug|x64.Build.0 = Debug|Any CPU
		{FC45B999-B74E-45D6-A764-EA85EF1FCFF9}.Debug|x86.ActiveCfg = Debug|Any CPU
		{FC45B999-B74E-45D6-A764-EA85EF1FCFF9}.Debug|x86.Build.0 = Debug|Any CPU
		{FC45B999-B74E-45D6-A764-EA85EF1FCFF9}.Release|Any CPU.ActiveCfg = Release|Any CPU
		{FC45B999-B74E-45D6-A764-EA85EF1FCFF9}.Release|Any CPU.Build.0 = Release|Any CPU
		{FC45B999-B74E-45D6-A764-EA85EF1FCFF9}.Release|x64.ActiveCfg = Release|Any CPU
		{FC45B999-B74E-45D6-A764-EA85EF1FCFF9}.Release|x64.Build.0 = Release|Any CPU
		{FC45B999-B74E-45D6-A764-EA85EF1FCFF9}.Release|x86.ActiveCfg = Release|Any CPU
		{FC45B999-B74E-45D6-A764-EA85EF1FCFF9}.Release|x86.Build.0 = Release|Any CPU
		{7A05C539-224B-4556-B09E-B1E93EA56B86}.Debug|Any CPU.ActiveCfg = Debug|Any CPU
		{7A05C539-224B-4556-B09E-B1E93EA56B86}.Debug|Any CPU.Build.0 = Debug|Any CPU
		{7A05C539-224B-4556-B09E-B1E93EA56B86}.Debug|x64.ActiveCfg = Debug|Any CPU
		{7A05C539-224B-4556-B09E-B1E93EA56B86}.Debug|x64.Build.0 = Debug|Any CPU
		{7A05C539-224B-4556-B09E-B1E93EA56B86}.Debug|x86.ActiveCfg = Debug|Any CPU
		{7A05C539-224B-4556-B09E-B1E93EA56B86}.Debug|x86.Build.0 = Debug|Any CPU
		{7A05C539-224B-4556-B09E-B1E93EA56B86}.Release|Any CPU.ActiveCfg = Release|Any CPU
		{7A05C539-224B-4556-B09E-B1E93EA56B86}.Release|Any CPU.Build.0 = Release|Any CPU
		{7A05C539-224B-4556-B09E-B1E93EA56B86}.Release|x64.ActiveCfg = Release|Any CPU
		{7A05C539-224B-4556-B09E-B1E93EA56B86}.Release|x64.Build.0 = Release|Any CPU
		{7A05C539-224B-4556-B09E-B1E93EA56B86}.Release|x86.ActiveCfg = Release|Any CPU
		{7A05C539-224B-4556-B09E-B1E93EA56B86}.Release|x86.Build.0 = Release|Any CPU
		{9CCA1E8A-0814-4A57-B03F-6ACFE373FF98}.Debug|Any CPU.ActiveCfg = Debug|Any CPU
		{9CCA1E8A-0814-4A57-B03F-6ACFE373FF98}.Debug|Any CPU.Build.0 = Debug|Any CPU
		{9CCA1E8A-0814-4A57-B03F-6ACFE373FF98}.Debug|x64.ActiveCfg = Debug|Any CPU
		{9CCA1E8A-0814-4A57-B03F-6ACFE373FF98}.Debug|x64.Build.0 = Debug|Any CPU
		{9CCA1E8A-0814-4A57-B03F-6ACFE373FF98}.Debug|x86.ActiveCfg = Debug|Any CPU
		{9CCA1E8A-0814-4A57-B03F-6ACFE373FF98}.Debug|x86.Build.0 = Debug|Any CPU
		{9CCA1E8A-0814-4A57-B03F-6ACFE373FF98}.Release|Any CPU.ActiveCfg = Release|Any CPU
		{9CCA1E8A-0814-4A57-B03F-6ACFE373FF98}.Release|Any CPU.Build.0 = Release|Any CPU
		{9CCA1E8A-0814-4A57-B03F-6ACFE373FF98}.Release|x64.ActiveCfg = Release|Any CPU
		{9CCA1E8A-0814-4A57-B03F-6ACFE373FF98}.Release|x64.Build.0 = Release|Any CPU
		{9CCA1E8A-0814-4A57-B03F-6ACFE373FF98}.Release|x86.ActiveCfg = Release|Any CPU
		{9CCA1E8A-0814-4A57-B03F-6ACFE373FF98}.Release|x86.Build.0 = Release|Any CPU
		{D07C214E-2F88-4D6A-88CC-58322E09034B}.Debug|Any CPU.ActiveCfg = Debug|Any CPU
		{D07C214E-2F88-4D6A-88CC-58322E09034B}.Debug|Any CPU.Build.0 = Debug|Any CPU
		{D07C214E-2F88-4D6A-88CC-58322E09034B}.Debug|x64.ActiveCfg = Debug|Any CPU
		{D07C214E-2F88-4D6A-88CC-58322E09034B}.Debug|x64.Build.0 = Debug|Any CPU
		{D07C214E-2F88-4D6A-88CC-58322E09034B}.Debug|x86.ActiveCfg = Debug|Any CPU
		{D07C214E-2F88-4D6A-88CC-58322E09034B}.Debug|x86.Build.0 = Debug|Any CPU
		{D07C214E-2F88-4D6A-88CC-58322E09034B}.Release|Any CPU.ActiveCfg = Release|Any CPU
		{D07C214E-2F88-4D6A-88CC-58322E09034B}.Release|Any CPU.Build.0 = Release|Any CPU
		{D07C214E-2F88-4D6A-88CC-58322E09034B}.Release|x64.ActiveCfg = Release|Any CPU
		{D07C214E-2F88-4D6A-88CC-58322E09034B}.Release|x64.Build.0 = Release|Any CPU
		{D07C214E-2F88-4D6A-88CC-58322E09034B}.Release|x86.ActiveCfg = Release|Any CPU
		{D07C214E-2F88-4D6A-88CC-58322E09034B}.Release|x86.Build.0 = Release|Any CPU
		{5BD7F4DE-18D1-4F3D-B5C5-929C8F003D69}.Debug|Any CPU.ActiveCfg = Debug|Any CPU
		{5BD7F4DE-18D1-4F3D-B5C5-929C8F003D69}.Debug|Any CPU.Build.0 = Debug|Any CPU
		{5BD7F4DE-18D1-4F3D-B5C5-929C8F003D69}.Debug|x64.ActiveCfg = Debug|Any CPU
		{5BD7F4DE-18D1-4F3D-B5C5-929C8F003D69}.Debug|x64.Build.0 = Debug|Any CPU
		{5BD7F4DE-18D1-4F3D-B5C5-929C8F003D69}.Debug|x86.ActiveCfg = Debug|Any CPU
		{5BD7F4DE-18D1-4F3D-B5C5-929C8F003D69}.Debug|x86.Build.0 = Debug|Any CPU
		{5BD7F4DE-18D1-4F3D-B5C5-929C8F003D69}.Release|Any CPU.ActiveCfg = Release|Any CPU
		{5BD7F4DE-18D1-4F3D-B5C5-929C8F003D69}.Release|Any CPU.Build.0 = Release|Any CPU
		{5BD7F4DE-18D1-4F3D-B5C5-929C8F003D69}.Release|x64.ActiveCfg = Release|Any CPU
		{5BD7F4DE-18D1-4F3D-B5C5-929C8F003D69}.Release|x64.Build.0 = Release|Any CPU
		{5BD7F4DE-18D1-4F3D-B5C5-929C8F003D69}.Release|x86.ActiveCfg = Release|Any CPU
		{5BD7F4DE-18D1-4F3D-B5C5-929C8F003D69}.Release|x86.Build.0 = Release|Any CPU
		{E41E2675-8A04-4B53-93BE-CC663ADD7E3B}.Debug|Any CPU.ActiveCfg = Debug|Any CPU
		{E41E2675-8A04-4B53-93BE-CC663ADD7E3B}.Debug|Any CPU.Build.0 = Debug|Any CPU
		{E41E2675-8A04-4B53-93BE-CC663ADD7E3B}.Debug|x64.ActiveCfg = Debug|Any CPU
		{E41E2675-8A04-4B53-93BE-CC663ADD7E3B}.Debug|x64.Build.0 = Debug|Any CPU
		{E41E2675-8A04-4B53-93BE-CC663ADD7E3B}.Debug|x86.ActiveCfg = Debug|Any CPU
		{E41E2675-8A04-4B53-93BE-CC663ADD7E3B}.Debug|x86.Build.0 = Debug|Any CPU
		{E41E2675-8A04-4B53-93BE-CC663ADD7E3B}.Release|Any CPU.ActiveCfg = Release|Any CPU
		{E41E2675-8A04-4B53-93BE-CC663ADD7E3B}.Release|Any CPU.Build.0 = Release|Any CPU
		{E41E2675-8A04-4B53-93BE-CC663ADD7E3B}.Release|x64.ActiveCfg = Release|Any CPU
		{E41E2675-8A04-4B53-93BE-CC663ADD7E3B}.Release|x64.Build.0 = Release|Any CPU
		{E41E2675-8A04-4B53-93BE-CC663ADD7E3B}.Release|x86.ActiveCfg = Release|Any CPU
		{E41E2675-8A04-4B53-93BE-CC663ADD7E3B}.Release|x86.Build.0 = Release|Any CPU
	EndGlobalSection
	GlobalSection(SolutionProperties) = preSolution
		HideSolutionNode = FALSE
	EndGlobalSection
	GlobalSection(NestedProjects) = preSolution
		{7A05C539-224B-4556-B09E-B1E93EA56B86} = {450AF81D-2BED-489B-A5DD-3E342F95F634}
		{9CCA1E8A-0814-4A57-B03F-6ACFE373FF98} = {450AF81D-2BED-489B-A5DD-3E342F95F634}
		{E41E2675-8A04-4B53-93BE-CC663ADD7E3B} = {450AF81D-2BED-489B-A5DD-3E342F95F634}
	EndGlobalSection
	GlobalSection(ExtensibilityGlobals) = postSolution
		SolutionGuid = {68C53B02-FE78-431E-BBF9-05D395CD6D8B}
	EndGlobalSection
EndGlobal
